
Microsoft Visual Studio Solution File, Format Version 12.00
# Visual Studio Version 17
VisualStudioVersion = 17.3.32922.545
MinimumVisualStudioVersion = 10.0.40219.1
Project("{FAE04EC0-301F-11D3-BF4B-00C04F79EFBC}") = "toDoApp", "toDoApp\toDoApp.csproj", "{32C3A918-14F9-418B-AC26-B6CDEAE0931A}"
EndProject
Global
	GlobalSection(SolutionConfigurationPlatforms) = preSolution
		Debug|Any CPU = Debug|Any CPU
		Release|Any CPU = Release|Any CPU
	EndGlobalSection
	GlobalSection(ProjectConfigurationPlatforms) = postSolution
		{32C3A918-14F9-418B-AC26-B6CDEAE0931A}.Debug|Any CPU.ActiveCfg = Debug|Any CPU
		{32C3A918-14F9-418B-AC26-B6CDEAE0931A}.Debug|Any CPU.Build.0 = Debug|Any CPU
		{32C3A918-14F9-418B-AC26-B6CDEAE0931A}.Release|Any CPU.ActiveCfg = Release|Any CPU
		{32C3A918-14F9-418B-AC26-B6CDEAE0931A}.Release|Any CPU.Build.0 = Release|Any CPU
	EndGlobalSection
	GlobalSection(SolutionProperties) = preSolution
		HideSolutionNode = FALSE
	EndGlobalSection
	GlobalSection(ExtensibilityGlobals) = postSolution
		SolutionGuid = {F22F002E-F906-4F67-B532-CA6813C3B671}
	EndGlobalSection
EndGlobal
